
Microsoft Visual Studio Solution File, Format Version 12.00
# Visual Studio Version 17
VisualStudioVersion = 17.7.33808.371
MinimumVisualStudioVersion = 10.0.40219.1
Project("{2150E333-8FDC-42A3-9474-1A3956D46DE8}") = "Solution Items", "Solution Items", "{0DAF2797-A566-4ED5-8F4A-FF6837E590B5}"
	ProjectSection(SolutionItems) = preProject
		.editorconfig = .editorconfig
		.gitattributes = .gitattributes
		.gitignore = .gitignore
		LICENSE.txt = LICENSE.txt
		nuget.config = nuget.config
		README.md = README.md
	EndProjectSection
EndProject
Project("{2150E333-8FDC-42A3-9474-1A3956D46DE8}") = "Source", "Source", "{5A53A23D-E2A4-41BB-90ED-6505CA383ACC}"
EndProject
Project("{2150E333-8FDC-42A3-9474-1A3956D46DE8}") = "Appx", "Appx", "{FC08A7E5-AAF0-43CF-AFE3-C0E0E74F6EFC}"
EndProject
Project("{9A19103F-16F7-4668-BE54-9A1E7A4F7556}") = "GZSkinsX.Api", "src\appx\GZSkinsX.Api\GZSkinsX.Api.csproj", "{05BE36EC-C4C1-4EBD-9858-D4C3A8F3D51B}"
EndProject
Project("{9A19103F-16F7-4668-BE54-9A1E7A4F7556}") = "GZSkinsX", "src\appx\GZSkinsX\GZSkinsX.csproj", "{E1563DFB-F705-4F86-B77E-ED82F40939A4}"
EndProject
Global
	GlobalSection(SolutionConfigurationPlatforms) = preSolution
		Debug|Any CPU = Debug|Any CPU
		Debug|ARM64 = Debug|ARM64
		Debug|x64 = Debug|x64
		Debug|x86 = Debug|x86
		Release|Any CPU = Release|Any CPU
		Release|ARM64 = Release|ARM64
		Release|x64 = Release|x64
		Release|x86 = Release|x86
	EndGlobalSection
	GlobalSection(ProjectConfigurationPlatforms) = postSolution
		{05BE36EC-C4C1-4EBD-9858-D4C3A8F3D51B}.Debug|Any CPU.ActiveCfg = Debug|Any CPU
		{05BE36EC-C4C1-4EBD-9858-D4C3A8F3D51B}.Debug|Any CPU.Build.0 = Debug|Any CPU
		{05BE36EC-C4C1-4EBD-9858-D4C3A8F3D51B}.Debug|ARM64.ActiveCfg = Debug|Any CPU
		{05BE36EC-C4C1-4EBD-9858-D4C3A8F3D51B}.Debug|ARM64.Build.0 = Debug|Any CPU
		{05BE36EC-C4C1-4EBD-9858-D4C3A8F3D51B}.Debug|x64.ActiveCfg = Debug|Any CPU
		{05BE36EC-C4C1-4EBD-9858-D4C3A8F3D51B}.Debug|x64.Build.0 = Debug|Any CPU
		{05BE36EC-C4C1-4EBD-9858-D4C3A8F3D51B}.Debug|x86.ActiveCfg = Debug|Any CPU
		{05BE36EC-C4C1-4EBD-9858-D4C3A8F3D51B}.Debug|x86.Build.0 = Debug|Any CPU
		{05BE36EC-C4C1-4EBD-9858-D4C3A8F3D51B}.Release|Any CPU.ActiveCfg = Release|Any CPU
		{05BE36EC-C4C1-4EBD-9858-D4C3A8F3D51B}.Release|Any CPU.Build.0 = Release|Any CPU
		{05BE36EC-C4C1-4EBD-9858-D4C3A8F3D51B}.Release|ARM64.ActiveCfg = Release|Any CPU
		{05BE36EC-C4C1-4EBD-9858-D4C3A8F3D51B}.Release|ARM64.Build.0 = Release|Any CPU
		{05BE36EC-C4C1-4EBD-9858-D4C3A8F3D51B}.Release|x64.ActiveCfg = Release|Any CPU
		{05BE36EC-C4C1-4EBD-9858-D4C3A8F3D51B}.Release|x64.Build.0 = Release|Any CPU
		{05BE36EC-C4C1-4EBD-9858-D4C3A8F3D51B}.Release|x86.ActiveCfg = Release|Any CPU
		{05BE36EC-C4C1-4EBD-9858-D4C3A8F3D51B}.Release|x86.Build.0 = Release|Any CPU
		{E1563DFB-F705-4F86-B77E-ED82F40939A4}.Debug|Any CPU.ActiveCfg = Debug|x64
		{E1563DFB-F705-4F86-B77E-ED82F40939A4}.Debug|Any CPU.Build.0 = Debug|x64
		{E1563DFB-F705-4F86-B77E-ED82F40939A4}.Debug|Any CPU.Deploy.0 = Debug|x64
		{E1563DFB-F705-4F86-B77E-ED82F40939A4}.Debug|ARM64.ActiveCfg = Debug|ARM64
		{E1563DFB-F705-4F86-B77E-ED82F40939A4}.Debug|ARM64.Build.0 = Debug|ARM64
		{E1563DFB-F705-4F86-B77E-ED82F40939A4}.Debug|ARM64.Deploy.0 = Debug|ARM64
		{E1563DFB-F705-4F86-B77E-ED82F40939A4}.Debug|x64.ActiveCfg = Debug|x64
		{E1563DFB-F705-4F86-B77E-ED82F40939A4}.Debug|x64.Build.0 = Debug|x64
		{E1563DFB-F705-4F86-B77E-ED82F40939A4}.Debug|x64.Deploy.0 = Debug|x64
		{E1563DFB-F705-4F86-B77E-ED82F40939A4}.Debug|x86.ActiveCfg = Debug|x86
		{E1563DFB-F705-4F86-B77E-ED82F40939A4}.Debug|x86.Build.0 = Debug|x86
		{E1563DFB-F705-4F86-B77E-ED82F40939A4}.Debug|x86.Deploy.0 = Debug|x86
		{E1563DFB-F705-4F86-B77E-ED82F40939A4}.Release|Any CPU.ActiveCfg = Release|x64
		{E1563DFB-F705-4F86-B77E-ED82F40939A4}.Release|Any CPU.Build.0 = Release|x64
		{E1563DFB-F705-4F86-B77E-ED82F40939A4}.Release|Any CPU.Deploy.0 = Release|x64
		{E1563DFB-F705-4F86-B77E-ED82F40939A4}.Release|ARM64.ActiveCfg = Release|ARM64
		{E1563DFB-F705-4F86-B77E-ED82F40939A4}.Release|ARM64.Build.0 = Release|ARM64
		{E1563DFB-F705-4F86-B77E-ED82F40939A4}.Release|ARM64.Deploy.0 = Release|ARM64
		{E1563DFB-F705-4F86-B77E-ED82F40939A4}.Release|x64.ActiveCfg = Release|x64
		{E1563DFB-F705-4F86-B77E-ED82F40939A4}.Release|x64.Build.0 = Release|x64
		{E1563DFB-F705-4F86-B77E-ED82F40939A4}.Release|x64.Deploy.0 = Release|x64
		{E1563DFB-F705-4F86-B77E-ED82F40939A4}.Release|x86.ActiveCfg = Release|x86
		{E1563DFB-F705-4F86-B77E-ED82F40939A4}.Release|x86.Build.0 = Release|x86
		{E1563DFB-F705-4F86-B77E-ED82F40939A4}.Release|x86.Deploy.0 = Release|x86
	EndGlobalSection
	GlobalSection(SolutionProperties) = preSolution
		HideSolutionNode = FALSE
	EndGlobalSection
	GlobalSection(NestedProjects) = preSolution
		{FC08A7E5-AAF0-43CF-AFE3-C0E0E74F6EFC} = {5A53A23D-E2A4-41BB-90ED-6505CA383ACC}
		{05BE36EC-C4C1-4EBD-9858-D4C3A8F3D51B} = {FC08A7E5-AAF0-43CF-AFE3-C0E0E74F6EFC}
		{E1563DFB-F705-4F86-B77E-ED82F40939A4} = {FC08A7E5-AAF0-43CF-AFE3-C0E0E74F6EFC}
	EndGlobalSection
	GlobalSection(ExtensibilityGlobals) = postSolution
		SolutionGuid = {F80A085E-1718-48A8-AC50-0275D52B240E}
	EndGlobalSection
EndGlobal
