
Microsoft Visual Studio Solution File, Format Version 12.00
# Visual Studio Version 17
VisualStudioVersion = 17.6.33417.168
MinimumVisualStudioVersion = 10.0.40219.1
Project("{2150E333-8FDC-42A3-9474-1A3956D46DE8}") = "Solution Items", "Solution Items", "{BCC31D25-B55E-47BC-A0A7-7A770534C962}"
	ProjectSection(SolutionItems) = preProject
		.editorconfig = .editorconfig
		.gitattributes = .gitattributes
		.gitignore = .gitignore
		.markdownlint.json = .markdownlint.json
		azure-pipelines.yml = azure-pipelines.yml
		Directory.Build.props = Directory.Build.props
		Directory.Packages.props = Directory.Packages.props
		global.json = global.json
		LICENSE.txt = LICENSE.txt
		nuget.config = nuget.config
		README.md = README.md
	EndProjectSection
EndProject
Project("{2150E333-8FDC-42A3-9474-1A3956D46DE8}") = "Appx", "Appx", "{8728D28F-762E-4993-A45C-D039C399F225}"
EndProject
Project("{2150E333-8FDC-42A3-9474-1A3956D46DE8}") = "Extensions", "Extensions", "{B32B40A5-1365-4170-ACA5-F5A07736B6EA}"
EndProject
Project("{2150E333-8FDC-42A3-9474-1A3956D46DE8}") = "Libraries", "Libraries", "{5FD28DBA-9BFC-42A5-8B0B-90C0DEA20020}"
EndProject
Project("{FAE04EC0-301F-11D3-BF4B-00C04F79EFBC}") = "GZSkinsX", "src\appx\GZSkinsX\GZSkinsX.csproj", "{CCD6CA11-A092-4F22-9976-A804AC0CA819}"
EndProject
Project("{FAE04EC0-301F-11D3-BF4B-00C04F79EFBC}") = "GZSkinsX.Api", "src\appx\GZSkinsX.Api\GZSkinsX.Api.csproj", "{4C946033-B0F2-43FF-8644-7892E2A58C53}"
EndProject
Project("{FAE04EC0-301F-11D3-BF4B-00C04F79EFBC}") = "GZSkinsX.Appx.StartUp", "src\appx\GZSkinsX.Appx.StartUp\GZSkinsX.Appx.StartUp.csproj", "{92B1E3B4-92A4-4C0B-85A9-B83BC0287DAF}"
EndProject
Project("{FAE04EC0-301F-11D3-BF4B-00C04F79EFBC}") = "GZSkinsX.Uwp.IO.Extensions", "src\libraries\GZSkinsX.Uwp.IO.Extensions\GZSkinsX.Uwp.IO.Extensions.csproj", "{AD96D3E2-356D-4E4F-ADFF-EAA481F7403D}"
EndProject
Project("{FAE04EC0-301F-11D3-BF4B-00C04F79EFBC}") = "GZSkinsX.Uwp.Composition", "src\libraries\GZSkinsX.Uwp.Composition\GZSkinsX.Uwp.Composition.csproj", "{7182D367-4984-4A8F-98BD-E276C98AD095}"
EndProject
Project("{FAE04EC0-301F-11D3-BF4B-00C04F79EFBC}") = "GZSkinsX.Uwp.UI", "src\libraries\GZSkinsX.Uwp.UI\GZSkinsX.Uwp.UI.csproj", "{8884EFB7-02B2-4DD3-85BC-48D95EE21804}"
EndProject
Project("{FAE04EC0-301F-11D3-BF4B-00C04F79EFBC}") = "GZSkinsX.Uwp.UI.Toolkit", "src\libraries\GZSkinsX.Uwp.UI.Toolkit\GZSkinsX.Uwp.UI.Toolkit.csproj", "{8FF44D52-4886-489A-950C-9DA5AD62B90E}"
EndProject
Project("{9A19103F-16F7-4668-BE54-9A1E7A4F7556}") = "GZSkinsX.DotNet.Diagnostics", "src\libraries\GZSkinsX.DotNet.Diagnostics\GZSkinsX.DotNet.Diagnostics.csproj", "{CA70472C-577B-4CD2-BFBF-29F13542BE07}"
EndProject
Project("{2150E333-8FDC-42A3-9474-1A3956D46DE8}") = "eng", "eng", "{E6CB98F8-7A29-4173-B1FC-068D719AF557}"
	ProjectSection(SolutionItems) = preProject
		eng\uap.props = eng\uap.props
	EndProjectSection
EndProject
Project("{FAE04EC0-301F-11D3-BF4B-00C04F79EFBC}") = "GZSkinsX.Appx.NavigationRoot", "src\appx\GZSkinsX.Appx.NavigationRoot\GZSkinsX.Appx.NavigationRoot.csproj", "{B6A6C8AF-5632-48FC-9A05-7A1163CA3CE9}"
EndProject
Project("{FAE04EC0-301F-11D3-BF4B-00C04F79EFBC}") = "GZSkinsX.Appx.Home", "src\appx\GZSkinsX.Appx.Home\GZSkinsX.Appx.Home.csproj", "{E1876CFA-BD19-4976-B673-B5E5DDB70F39}"
EndProject
Project("{FAE04EC0-301F-11D3-BF4B-00C04F79EFBC}") = "GZSkinsX.Appx.Mods", "src\appx\GZSkinsX.Appx.Mods\GZSkinsX.Appx.Mods.csproj", "{F818C264-D5F8-4940-A362-ED923833B97D}"
EndProject
Project("{FAE04EC0-301F-11D3-BF4B-00C04F79EFBC}") = "GZSkinsX.Extensions.CreatorStudio", "src\extensions\GZSkinsX.Extensions.CreatorStudio\GZSkinsX.Extensions.CreatorStudio.csproj", "{F37B1768-E78B-414D-86FD-4BDD72EDFAD8}"
EndProject
Project("{2150E333-8FDC-42A3-9474-1A3956D46DE8}") = "CreatorStudio", "CreatorStudio", "{ADF95A2F-E80C-4E6E-AD1C-2F79750F7F1C}"
EndProject
Project("{FAE04EC0-301F-11D3-BF4B-00C04F79EFBC}") = "GZSkinsX.Api.CreatorStudio", "src\extensions\CreatorStudio\GZSkinsX.Api.CreatorStudio\GZSkinsX.Api.CreatorStudio.csproj", "{53CEF44A-AFE0-4377-B199-CC72C26B2356}"
EndProject
Project("{FAE04EC0-301F-11D3-BF4B-00C04F79EFBC}") = "GZSkinsX.Extensions.CreatorStudio.Text", "src\extensions\CreatorStudio\GZSkinsX.Extensions.CreatorStudio.Text\GZSkinsX.Extensions.CreatorStudio.Text.csproj", "{162DE1FB-3CF4-48CD-BE91-3DC44B6FACB2}"
EndProject
Project("{FAE04EC0-301F-11D3-BF4B-00C04F79EFBC}") = "GZSkinsX.Extensions.CreatorStudio.Wad", "src\extensions\CreatorStudio\GZSkinsX.Extensions.CreatorStudio.Wad\GZSkinsX.Extensions.CreatorStudio.Wad.csproj", "{316543F3-BED9-4736-A321-21BDF1A9241E}"
EndProject
Global
	GlobalSection(SolutionConfigurationPlatforms) = preSolution
		AnyCPU|Any CPU = AnyCPU|Any CPU
		AnyCPU|ARM = AnyCPU|ARM
		AnyCPU|ARM64 = AnyCPU|ARM64
		AnyCPU|x64 = AnyCPU|x64
		AnyCPU|x86 = AnyCPU|x86
		Debug|Any CPU = Debug|Any CPU
		Debug|ARM = Debug|ARM
		Debug|ARM64 = Debug|ARM64
		Debug|x64 = Debug|x64
		Debug|x86 = Debug|x86
		Release|Any CPU = Release|Any CPU
		Release|ARM = Release|ARM
		Release|ARM64 = Release|ARM64
		Release|x64 = Release|x64
		Release|x86 = Release|x86
	EndGlobalSection
	GlobalSection(ProjectConfigurationPlatforms) = postSolution
		{CCD6CA11-A092-4F22-9976-A804AC0CA819}.AnyCPU|Any CPU.ActiveCfg = AnyCPU|Any CPU
		{CCD6CA11-A092-4F22-9976-A804AC0CA819}.AnyCPU|Any CPU.Build.0 = AnyCPU|Any CPU
		{CCD6CA11-A092-4F22-9976-A804AC0CA819}.AnyCPU|Any CPU.Deploy.0 = AnyCPU|Any CPU
		{CCD6CA11-A092-4F22-9976-A804AC0CA819}.AnyCPU|ARM.ActiveCfg = AnyCPU|Any CPU
		{CCD6CA11-A092-4F22-9976-A804AC0CA819}.AnyCPU|ARM.Build.0 = AnyCPU|Any CPU
		{CCD6CA11-A092-4F22-9976-A804AC0CA819}.AnyCPU|ARM.Deploy.0 = AnyCPU|Any CPU
		{CCD6CA11-A092-4F22-9976-A804AC0CA819}.AnyCPU|ARM64.ActiveCfg = AnyCPU|Any CPU
		{CCD6CA11-A092-4F22-9976-A804AC0CA819}.AnyCPU|ARM64.Build.0 = AnyCPU|Any CPU
		{CCD6CA11-A092-4F22-9976-A804AC0CA819}.AnyCPU|ARM64.Deploy.0 = AnyCPU|Any CPU
		{CCD6CA11-A092-4F22-9976-A804AC0CA819}.AnyCPU|x64.ActiveCfg = AnyCPU|x64
		{CCD6CA11-A092-4F22-9976-A804AC0CA819}.AnyCPU|x64.Build.0 = AnyCPU|x64
		{CCD6CA11-A092-4F22-9976-A804AC0CA819}.AnyCPU|x64.Deploy.0 = AnyCPU|x64
		{CCD6CA11-A092-4F22-9976-A804AC0CA819}.AnyCPU|x86.ActiveCfg = AnyCPU|Win32
		{CCD6CA11-A092-4F22-9976-A804AC0CA819}.AnyCPU|x86.Build.0 = AnyCPU|Win32
		{CCD6CA11-A092-4F22-9976-A804AC0CA819}.AnyCPU|x86.Deploy.0 = AnyCPU|Win32
		{CCD6CA11-A092-4F22-9976-A804AC0CA819}.Debug|Any CPU.ActiveCfg = Debug|Any CPU
		{CCD6CA11-A092-4F22-9976-A804AC0CA819}.Debug|Any CPU.Build.0 = Debug|Any CPU
		{CCD6CA11-A092-4F22-9976-A804AC0CA819}.Debug|ARM.ActiveCfg = Debug|ARM
		{CCD6CA11-A092-4F22-9976-A804AC0CA819}.Debug|ARM.Build.0 = Debug|ARM
		{CCD6CA11-A092-4F22-9976-A804AC0CA819}.Debug|ARM.Deploy.0 = Debug|ARM
		{CCD6CA11-A092-4F22-9976-A804AC0CA819}.Debug|ARM64.ActiveCfg = Debug|ARM64
		{CCD6CA11-A092-4F22-9976-A804AC0CA819}.Debug|ARM64.Build.0 = Debug|ARM64
		{CCD6CA11-A092-4F22-9976-A804AC0CA819}.Debug|ARM64.Deploy.0 = Debug|ARM64
		{CCD6CA11-A092-4F22-9976-A804AC0CA819}.Debug|x64.ActiveCfg = Debug|x64
		{CCD6CA11-A092-4F22-9976-A804AC0CA819}.Debug|x64.Build.0 = Debug|x64
		{CCD6CA11-A092-4F22-9976-A804AC0CA819}.Debug|x64.Deploy.0 = Debug|x64
		{CCD6CA11-A092-4F22-9976-A804AC0CA819}.Debug|x86.ActiveCfg = Debug|x86
		{CCD6CA11-A092-4F22-9976-A804AC0CA819}.Debug|x86.Build.0 = Debug|x86
		{CCD6CA11-A092-4F22-9976-A804AC0CA819}.Debug|x86.Deploy.0 = Debug|x86
		{CCD6CA11-A092-4F22-9976-A804AC0CA819}.Release|Any CPU.ActiveCfg = Release|Any CPU
		{CCD6CA11-A092-4F22-9976-A804AC0CA819}.Release|Any CPU.Build.0 = Release|Any CPU
		{CCD6CA11-A092-4F22-9976-A804AC0CA819}.Release|ARM.ActiveCfg = Release|ARM
		{CCD6CA11-A092-4F22-9976-A804AC0CA819}.Release|ARM.Build.0 = Release|ARM
		{CCD6CA11-A092-4F22-9976-A804AC0CA819}.Release|ARM.Deploy.0 = Release|ARM
		{CCD6CA11-A092-4F22-9976-A804AC0CA819}.Release|ARM64.ActiveCfg = Release|ARM64
		{CCD6CA11-A092-4F22-9976-A804AC0CA819}.Release|ARM64.Build.0 = Release|ARM64
		{CCD6CA11-A092-4F22-9976-A804AC0CA819}.Release|ARM64.Deploy.0 = Release|ARM64
		{CCD6CA11-A092-4F22-9976-A804AC0CA819}.Release|x64.ActiveCfg = Release|x64
		{CCD6CA11-A092-4F22-9976-A804AC0CA819}.Release|x64.Build.0 = Release|x64
		{CCD6CA11-A092-4F22-9976-A804AC0CA819}.Release|x64.Deploy.0 = Release|x64
		{CCD6CA11-A092-4F22-9976-A804AC0CA819}.Release|x86.ActiveCfg = Release|x86
		{CCD6CA11-A092-4F22-9976-A804AC0CA819}.Release|x86.Build.0 = Release|x86
		{CCD6CA11-A092-4F22-9976-A804AC0CA819}.Release|x86.Deploy.0 = Release|x86
		{4C946033-B0F2-43FF-8644-7892E2A58C53}.AnyCPU|Any CPU.ActiveCfg = AnyCPU|Any CPU
		{4C946033-B0F2-43FF-8644-7892E2A58C53}.AnyCPU|Any CPU.Build.0 = AnyCPU|Any CPU
		{4C946033-B0F2-43FF-8644-7892E2A58C53}.AnyCPU|ARM.ActiveCfg = AnyCPU|Any CPU
		{4C946033-B0F2-43FF-8644-7892E2A58C53}.AnyCPU|ARM.Build.0 = AnyCPU|Any CPU
		{4C946033-B0F2-43FF-8644-7892E2A58C53}.AnyCPU|ARM64.ActiveCfg = AnyCPU|Any CPU
		{4C946033-B0F2-43FF-8644-7892E2A58C53}.AnyCPU|ARM64.Build.0 = AnyCPU|Any CPU
		{4C946033-B0F2-43FF-8644-7892E2A58C53}.AnyCPU|x64.ActiveCfg = AnyCPU|x64
		{4C946033-B0F2-43FF-8644-7892E2A58C53}.AnyCPU|x64.Build.0 = AnyCPU|x64
		{4C946033-B0F2-43FF-8644-7892E2A58C53}.AnyCPU|x86.ActiveCfg = AnyCPU|Win32
		{4C946033-B0F2-43FF-8644-7892E2A58C53}.AnyCPU|x86.Build.0 = AnyCPU|Win32
		{4C946033-B0F2-43FF-8644-7892E2A58C53}.Debug|Any CPU.ActiveCfg = Debug|Any CPU
		{4C946033-B0F2-43FF-8644-7892E2A58C53}.Debug|Any CPU.Build.0 = Debug|Any CPU
		{4C946033-B0F2-43FF-8644-7892E2A58C53}.Debug|ARM.ActiveCfg = Debug|ARM
		{4C946033-B0F2-43FF-8644-7892E2A58C53}.Debug|ARM.Build.0 = Debug|ARM
		{4C946033-B0F2-43FF-8644-7892E2A58C53}.Debug|ARM64.ActiveCfg = Debug|ARM64
		{4C946033-B0F2-43FF-8644-7892E2A58C53}.Debug|ARM64.Build.0 = Debug|ARM64
		{4C946033-B0F2-43FF-8644-7892E2A58C53}.Debug|x64.ActiveCfg = Debug|x64
		{4C946033-B0F2-43FF-8644-7892E2A58C53}.Debug|x64.Build.0 = Debug|x64
		{4C946033-B0F2-43FF-8644-7892E2A58C53}.Debug|x86.ActiveCfg = Debug|x86
		{4C946033-B0F2-43FF-8644-7892E2A58C53}.Debug|x86.Build.0 = Debug|x86
		{4C946033-B0F2-43FF-8644-7892E2A58C53}.Release|Any CPU.ActiveCfg = Release|Any CPU
		{4C946033-B0F2-43FF-8644-7892E2A58C53}.Release|Any CPU.Build.0 = Release|Any CPU
		{4C946033-B0F2-43FF-8644-7892E2A58C53}.Release|ARM.ActiveCfg = Release|ARM
		{4C946033-B0F2-43FF-8644-7892E2A58C53}.Release|ARM.Build.0 = Release|ARM
		{4C946033-B0F2-43FF-8644-7892E2A58C53}.Release|ARM64.ActiveCfg = Release|ARM64
		{4C946033-B0F2-43FF-8644-7892E2A58C53}.Release|ARM64.Build.0 = Release|ARM64
		{4C946033-B0F2-43FF-8644-7892E2A58C53}.Release|x64.ActiveCfg = Release|x64
		{4C946033-B0F2-43FF-8644-7892E2A58C53}.Release|x64.Build.0 = Release|x64
		{4C946033-B0F2-43FF-8644-7892E2A58C53}.Release|x86.ActiveCfg = Release|x86
		{4C946033-B0F2-43FF-8644-7892E2A58C53}.Release|x86.Build.0 = Release|x86
		{92B1E3B4-92A4-4C0B-85A9-B83BC0287DAF}.AnyCPU|Any CPU.ActiveCfg = AnyCPU|Any CPU
		{92B1E3B4-92A4-4C0B-85A9-B83BC0287DAF}.AnyCPU|Any CPU.Build.0 = AnyCPU|Any CPU
		{92B1E3B4-92A4-4C0B-85A9-B83BC0287DAF}.AnyCPU|ARM.ActiveCfg = AnyCPU|Any CPU
		{92B1E3B4-92A4-4C0B-85A9-B83BC0287DAF}.AnyCPU|ARM.Build.0 = AnyCPU|Any CPU
		{92B1E3B4-92A4-4C0B-85A9-B83BC0287DAF}.AnyCPU|ARM64.ActiveCfg = AnyCPU|Any CPU
		{92B1E3B4-92A4-4C0B-85A9-B83BC0287DAF}.AnyCPU|ARM64.Build.0 = AnyCPU|Any CPU
		{92B1E3B4-92A4-4C0B-85A9-B83BC0287DAF}.AnyCPU|x64.ActiveCfg = AnyCPU|x64
		{92B1E3B4-92A4-4C0B-85A9-B83BC0287DAF}.AnyCPU|x64.Build.0 = AnyCPU|x64
		{92B1E3B4-92A4-4C0B-85A9-B83BC0287DAF}.AnyCPU|x86.ActiveCfg = AnyCPU|Win32
		{92B1E3B4-92A4-4C0B-85A9-B83BC0287DAF}.AnyCPU|x86.Build.0 = AnyCPU|Win32
		{92B1E3B4-92A4-4C0B-85A9-B83BC0287DAF}.Debug|Any CPU.ActiveCfg = Debug|Any CPU
		{92B1E3B4-92A4-4C0B-85A9-B83BC0287DAF}.Debug|Any CPU.Build.0 = Debug|Any CPU
		{92B1E3B4-92A4-4C0B-85A9-B83BC0287DAF}.Debug|ARM.ActiveCfg = Debug|ARM
		{92B1E3B4-92A4-4C0B-85A9-B83BC0287DAF}.Debug|ARM.Build.0 = Debug|ARM
		{92B1E3B4-92A4-4C0B-85A9-B83BC0287DAF}.Debug|ARM64.ActiveCfg = Debug|ARM64
		{92B1E3B4-92A4-4C0B-85A9-B83BC0287DAF}.Debug|ARM64.Build.0 = Debug|ARM64
		{92B1E3B4-92A4-4C0B-85A9-B83BC0287DAF}.Debug|x64.ActiveCfg = Debug|x64
		{92B1E3B4-92A4-4C0B-85A9-B83BC0287DAF}.Debug|x64.Build.0 = Debug|x64
		{92B1E3B4-92A4-4C0B-85A9-B83BC0287DAF}.Debug|x86.ActiveCfg = Debug|x86
		{92B1E3B4-92A4-4C0B-85A9-B83BC0287DAF}.Debug|x86.Build.0 = Debug|x86
		{92B1E3B4-92A4-4C0B-85A9-B83BC0287DAF}.Release|Any CPU.ActiveCfg = Release|Any CPU
		{92B1E3B4-92A4-4C0B-85A9-B83BC0287DAF}.Release|Any CPU.Build.0 = Release|Any CPU
		{92B1E3B4-92A4-4C0B-85A9-B83BC0287DAF}.Release|ARM.ActiveCfg = Release|ARM
		{92B1E3B4-92A4-4C0B-85A9-B83BC0287DAF}.Release|ARM.Build.0 = Release|ARM
		{92B1E3B4-92A4-4C0B-85A9-B83BC0287DAF}.Release|ARM64.ActiveCfg = Release|ARM64
		{92B1E3B4-92A4-4C0B-85A9-B83BC0287DAF}.Release|ARM64.Build.0 = Release|ARM64
		{92B1E3B4-92A4-4C0B-85A9-B83BC0287DAF}.Release|x64.ActiveCfg = Release|x64
		{92B1E3B4-92A4-4C0B-85A9-B83BC0287DAF}.Release|x64.Build.0 = Release|x64
		{92B1E3B4-92A4-4C0B-85A9-B83BC0287DAF}.Release|x86.ActiveCfg = Release|x86
		{92B1E3B4-92A4-4C0B-85A9-B83BC0287DAF}.Release|x86.Build.0 = Release|x86
		{AD96D3E2-356D-4E4F-ADFF-EAA481F7403D}.AnyCPU|Any CPU.ActiveCfg = AnyCPU|Any CPU
		{AD96D3E2-356D-4E4F-ADFF-EAA481F7403D}.AnyCPU|Any CPU.Build.0 = AnyCPU|Any CPU
		{AD96D3E2-356D-4E4F-ADFF-EAA481F7403D}.AnyCPU|ARM.ActiveCfg = AnyCPU|Any CPU
		{AD96D3E2-356D-4E4F-ADFF-EAA481F7403D}.AnyCPU|ARM.Build.0 = AnyCPU|Any CPU
		{AD96D3E2-356D-4E4F-ADFF-EAA481F7403D}.AnyCPU|ARM64.ActiveCfg = AnyCPU|Any CPU
		{AD96D3E2-356D-4E4F-ADFF-EAA481F7403D}.AnyCPU|ARM64.Build.0 = AnyCPU|Any CPU
		{AD96D3E2-356D-4E4F-ADFF-EAA481F7403D}.AnyCPU|x64.ActiveCfg = AnyCPU|x64
		{AD96D3E2-356D-4E4F-ADFF-EAA481F7403D}.AnyCPU|x64.Build.0 = AnyCPU|x64
		{AD96D3E2-356D-4E4F-ADFF-EAA481F7403D}.AnyCPU|x86.ActiveCfg = AnyCPU|Win32
		{AD96D3E2-356D-4E4F-ADFF-EAA481F7403D}.AnyCPU|x86.Build.0 = AnyCPU|Win32
		{AD96D3E2-356D-4E4F-ADFF-EAA481F7403D}.Debug|Any CPU.ActiveCfg = Debug|Any CPU
		{AD96D3E2-356D-4E4F-ADFF-EAA481F7403D}.Debug|Any CPU.Build.0 = Debug|Any CPU
		{AD96D3E2-356D-4E4F-ADFF-EAA481F7403D}.Debug|ARM.ActiveCfg = Debug|ARM
		{AD96D3E2-356D-4E4F-ADFF-EAA481F7403D}.Debug|ARM.Build.0 = Debug|ARM
		{AD96D3E2-356D-4E4F-ADFF-EAA481F7403D}.Debug|ARM64.ActiveCfg = Debug|ARM64
		{AD96D3E2-356D-4E4F-ADFF-EAA481F7403D}.Debug|ARM64.Build.0 = Debug|ARM64
		{AD96D3E2-356D-4E4F-ADFF-EAA481F7403D}.Debug|x64.ActiveCfg = Debug|x64
		{AD96D3E2-356D-4E4F-ADFF-EAA481F7403D}.Debug|x64.Build.0 = Debug|x64
		{AD96D3E2-356D-4E4F-ADFF-EAA481F7403D}.Debug|x86.ActiveCfg = Debug|x86
		{AD96D3E2-356D-4E4F-ADFF-EAA481F7403D}.Debug|x86.Build.0 = Debug|x86
		{AD96D3E2-356D-4E4F-ADFF-EAA481F7403D}.Release|Any CPU.ActiveCfg = Release|Any CPU
		{AD96D3E2-356D-4E4F-ADFF-EAA481F7403D}.Release|Any CPU.Build.0 = Release|Any CPU
		{AD96D3E2-356D-4E4F-ADFF-EAA481F7403D}.Release|ARM.ActiveCfg = Release|ARM
		{AD96D3E2-356D-4E4F-ADFF-EAA481F7403D}.Release|ARM.Build.0 = Release|ARM
		{AD96D3E2-356D-4E4F-ADFF-EAA481F7403D}.Release|ARM64.ActiveCfg = Release|ARM64
		{AD96D3E2-356D-4E4F-ADFF-EAA481F7403D}.Release|ARM64.Build.0 = Release|ARM64
		{AD96D3E2-356D-4E4F-ADFF-EAA481F7403D}.Release|x64.ActiveCfg = Release|x64
		{AD96D3E2-356D-4E4F-ADFF-EAA481F7403D}.Release|x64.Build.0 = Release|x64
		{AD96D3E2-356D-4E4F-ADFF-EAA481F7403D}.Release|x86.ActiveCfg = Release|x86
		{AD96D3E2-356D-4E4F-ADFF-EAA481F7403D}.Release|x86.Build.0 = Release|x86
		{7182D367-4984-4A8F-98BD-E276C98AD095}.AnyCPU|Any CPU.ActiveCfg = AnyCPU|Any CPU
		{7182D367-4984-4A8F-98BD-E276C98AD095}.AnyCPU|Any CPU.Build.0 = AnyCPU|Any CPU
		{7182D367-4984-4A8F-98BD-E276C98AD095}.AnyCPU|ARM.ActiveCfg = AnyCPU|Any CPU
		{7182D367-4984-4A8F-98BD-E276C98AD095}.AnyCPU|ARM.Build.0 = AnyCPU|Any CPU
		{7182D367-4984-4A8F-98BD-E276C98AD095}.AnyCPU|ARM64.ActiveCfg = AnyCPU|Any CPU
		{7182D367-4984-4A8F-98BD-E276C98AD095}.AnyCPU|ARM64.Build.0 = AnyCPU|Any CPU
		{7182D367-4984-4A8F-98BD-E276C98AD095}.AnyCPU|x64.ActiveCfg = AnyCPU|x64
		{7182D367-4984-4A8F-98BD-E276C98AD095}.AnyCPU|x64.Build.0 = AnyCPU|x64
		{7182D367-4984-4A8F-98BD-E276C98AD095}.AnyCPU|x86.ActiveCfg = AnyCPU|Win32
		{7182D367-4984-4A8F-98BD-E276C98AD095}.AnyCPU|x86.Build.0 = AnyCPU|Win32
		{7182D367-4984-4A8F-98BD-E276C98AD095}.Debug|Any CPU.ActiveCfg = Debug|Any CPU
		{7182D367-4984-4A8F-98BD-E276C98AD095}.Debug|Any CPU.Build.0 = Debug|Any CPU
		{7182D367-4984-4A8F-98BD-E276C98AD095}.Debug|ARM.ActiveCfg = Debug|ARM
		{7182D367-4984-4A8F-98BD-E276C98AD095}.Debug|ARM.Build.0 = Debug|ARM
		{7182D367-4984-4A8F-98BD-E276C98AD095}.Debug|ARM64.ActiveCfg = Debug|ARM64
		{7182D367-4984-4A8F-98BD-E276C98AD095}.Debug|ARM64.Build.0 = Debug|ARM64
		{7182D367-4984-4A8F-98BD-E276C98AD095}.Debug|x64.ActiveCfg = Debug|x64
		{7182D367-4984-4A8F-98BD-E276C98AD095}.Debug|x64.Build.0 = Debug|x64
		{7182D367-4984-4A8F-98BD-E276C98AD095}.Debug|x86.ActiveCfg = Debug|x86
		{7182D367-4984-4A8F-98BD-E276C98AD095}.Debug|x86.Build.0 = Debug|x86
		{7182D367-4984-4A8F-98BD-E276C98AD095}.Release|Any CPU.ActiveCfg = Release|Any CPU
		{7182D367-4984-4A8F-98BD-E276C98AD095}.Release|Any CPU.Build.0 = Release|Any CPU
		{7182D367-4984-4A8F-98BD-E276C98AD095}.Release|ARM.ActiveCfg = Release|ARM
		{7182D367-4984-4A8F-98BD-E276C98AD095}.Release|ARM.Build.0 = Release|ARM
		{7182D367-4984-4A8F-98BD-E276C98AD095}.Release|ARM64.ActiveCfg = Release|ARM64
		{7182D367-4984-4A8F-98BD-E276C98AD095}.Release|ARM64.Build.0 = Release|ARM64
		{7182D367-4984-4A8F-98BD-E276C98AD095}.Release|x64.ActiveCfg = Release|x64
		{7182D367-4984-4A8F-98BD-E276C98AD095}.Release|x64.Build.0 = Release|x64
		{7182D367-4984-4A8F-98BD-E276C98AD095}.Release|x86.ActiveCfg = Release|x86
		{7182D367-4984-4A8F-98BD-E276C98AD095}.Release|x86.Build.0 = Release|x86
		{8884EFB7-02B2-4DD3-85BC-48D95EE21804}.AnyCPU|Any CPU.ActiveCfg = AnyCPU|Any CPU
		{8884EFB7-02B2-4DD3-85BC-48D95EE21804}.AnyCPU|Any CPU.Build.0 = AnyCPU|Any CPU
		{8884EFB7-02B2-4DD3-85BC-48D95EE21804}.AnyCPU|ARM.ActiveCfg = AnyCPU|Any CPU
		{8884EFB7-02B2-4DD3-85BC-48D95EE21804}.AnyCPU|ARM.Build.0 = AnyCPU|Any CPU
		{8884EFB7-02B2-4DD3-85BC-48D95EE21804}.AnyCPU|ARM64.ActiveCfg = AnyCPU|Any CPU
		{8884EFB7-02B2-4DD3-85BC-48D95EE21804}.AnyCPU|ARM64.Build.0 = AnyCPU|Any CPU
		{8884EFB7-02B2-4DD3-85BC-48D95EE21804}.AnyCPU|x64.ActiveCfg = AnyCPU|x64
		{8884EFB7-02B2-4DD3-85BC-48D95EE21804}.AnyCPU|x64.Build.0 = AnyCPU|x64
		{8884EFB7-02B2-4DD3-85BC-48D95EE21804}.AnyCPU|x86.ActiveCfg = AnyCPU|Win32
		{8884EFB7-02B2-4DD3-85BC-48D95EE21804}.AnyCPU|x86.Build.0 = AnyCPU|Win32
		{8884EFB7-02B2-4DD3-85BC-48D95EE21804}.Debug|Any CPU.ActiveCfg = Debug|Any CPU
		{8884EFB7-02B2-4DD3-85BC-48D95EE21804}.Debug|Any CPU.Build.0 = Debug|Any CPU
		{8884EFB7-02B2-4DD3-85BC-48D95EE21804}.Debug|ARM.ActiveCfg = Debug|ARM
		{8884EFB7-02B2-4DD3-85BC-48D95EE21804}.Debug|ARM.Build.0 = Debug|ARM
		{8884EFB7-02B2-4DD3-85BC-48D95EE21804}.Debug|ARM64.ActiveCfg = Debug|ARM64
		{8884EFB7-02B2-4DD3-85BC-48D95EE21804}.Debug|ARM64.Build.0 = Debug|ARM64
		{8884EFB7-02B2-4DD3-85BC-48D95EE21804}.Debug|x64.ActiveCfg = Debug|x64
		{8884EFB7-02B2-4DD3-85BC-48D95EE21804}.Debug|x64.Build.0 = Debug|x64
		{8884EFB7-02B2-4DD3-85BC-48D95EE21804}.Debug|x86.ActiveCfg = Debug|x86
		{8884EFB7-02B2-4DD3-85BC-48D95EE21804}.Debug|x86.Build.0 = Debug|x86
		{8884EFB7-02B2-4DD3-85BC-48D95EE21804}.Release|Any CPU.ActiveCfg = Release|Any CPU
		{8884EFB7-02B2-4DD3-85BC-48D95EE21804}.Release|Any CPU.Build.0 = Release|Any CPU
		{8884EFB7-02B2-4DD3-85BC-48D95EE21804}.Release|ARM.ActiveCfg = Release|ARM
		{8884EFB7-02B2-4DD3-85BC-48D95EE21804}.Release|ARM.Build.0 = Release|ARM
		{8884EFB7-02B2-4DD3-85BC-48D95EE21804}.Release|ARM64.ActiveCfg = Release|ARM64
		{8884EFB7-02B2-4DD3-85BC-48D95EE21804}.Release|ARM64.Build.0 = Release|ARM64
		{8884EFB7-02B2-4DD3-85BC-48D95EE21804}.Release|x64.ActiveCfg = Release|x64
		{8884EFB7-02B2-4DD3-85BC-48D95EE21804}.Release|x64.Build.0 = Release|x64
		{8884EFB7-02B2-4DD3-85BC-48D95EE21804}.Release|x86.ActiveCfg = Release|x86
		{8884EFB7-02B2-4DD3-85BC-48D95EE21804}.Release|x86.Build.0 = Release|x86
		{8FF44D52-4886-489A-950C-9DA5AD62B90E}.AnyCPU|Any CPU.ActiveCfg = AnyCPU|Any CPU
		{8FF44D52-4886-489A-950C-9DA5AD62B90E}.AnyCPU|Any CPU.Build.0 = AnyCPU|Any CPU
		{8FF44D52-4886-489A-950C-9DA5AD62B90E}.AnyCPU|ARM.ActiveCfg = AnyCPU|Any CPU
		{8FF44D52-4886-489A-950C-9DA5AD62B90E}.AnyCPU|ARM.Build.0 = AnyCPU|Any CPU
		{8FF44D52-4886-489A-950C-9DA5AD62B90E}.AnyCPU|ARM64.ActiveCfg = AnyCPU|Any CPU
		{8FF44D52-4886-489A-950C-9DA5AD62B90E}.AnyCPU|ARM64.Build.0 = AnyCPU|Any CPU
		{8FF44D52-4886-489A-950C-9DA5AD62B90E}.AnyCPU|x64.ActiveCfg = AnyCPU|x64
		{8FF44D52-4886-489A-950C-9DA5AD62B90E}.AnyCPU|x64.Build.0 = AnyCPU|x64
		{8FF44D52-4886-489A-950C-9DA5AD62B90E}.AnyCPU|x86.ActiveCfg = AnyCPU|Win32
		{8FF44D52-4886-489A-950C-9DA5AD62B90E}.AnyCPU|x86.Build.0 = AnyCPU|Win32
		{8FF44D52-4886-489A-950C-9DA5AD62B90E}.Debug|Any CPU.ActiveCfg = Debug|Any CPU
		{8FF44D52-4886-489A-950C-9DA5AD62B90E}.Debug|Any CPU.Build.0 = Debug|Any CPU
		{8FF44D52-4886-489A-950C-9DA5AD62B90E}.Debug|ARM.ActiveCfg = Debug|ARM
		{8FF44D52-4886-489A-950C-9DA5AD62B90E}.Debug|ARM.Build.0 = Debug|ARM
		{8FF44D52-4886-489A-950C-9DA5AD62B90E}.Debug|ARM64.ActiveCfg = Debug|ARM64
		{8FF44D52-4886-489A-950C-9DA5AD62B90E}.Debug|ARM64.Build.0 = Debug|ARM64
		{8FF44D52-4886-489A-950C-9DA5AD62B90E}.Debug|x64.ActiveCfg = Debug|x64
		{8FF44D52-4886-489A-950C-9DA5AD62B90E}.Debug|x64.Build.0 = Debug|x64
		{8FF44D52-4886-489A-950C-9DA5AD62B90E}.Debug|x86.ActiveCfg = Debug|x86
		{8FF44D52-4886-489A-950C-9DA5AD62B90E}.Debug|x86.Build.0 = Debug|x86
		{8FF44D52-4886-489A-950C-9DA5AD62B90E}.Release|Any CPU.ActiveCfg = Release|Any CPU
		{8FF44D52-4886-489A-950C-9DA5AD62B90E}.Release|Any CPU.Build.0 = Release|Any CPU
		{8FF44D52-4886-489A-950C-9DA5AD62B90E}.Release|ARM.ActiveCfg = Release|ARM
		{8FF44D52-4886-489A-950C-9DA5AD62B90E}.Release|ARM.Build.0 = Release|ARM
		{8FF44D52-4886-489A-950C-9DA5AD62B90E}.Release|ARM64.ActiveCfg = Release|ARM64
		{8FF44D52-4886-489A-950C-9DA5AD62B90E}.Release|ARM64.Build.0 = Release|ARM64
		{8FF44D52-4886-489A-950C-9DA5AD62B90E}.Release|x64.ActiveCfg = Release|x64
		{8FF44D52-4886-489A-950C-9DA5AD62B90E}.Release|x64.Build.0 = Release|x64
		{8FF44D52-4886-489A-950C-9DA5AD62B90E}.Release|x86.ActiveCfg = Release|x86
		{8FF44D52-4886-489A-950C-9DA5AD62B90E}.Release|x86.Build.0 = Release|x86
		{CA70472C-577B-4CD2-BFBF-29F13542BE07}.AnyCPU|Any CPU.ActiveCfg = Release|Any CPU
		{CA70472C-577B-4CD2-BFBF-29F13542BE07}.AnyCPU|Any CPU.Build.0 = Release|Any CPU
		{CA70472C-577B-4CD2-BFBF-29F13542BE07}.AnyCPU|ARM.ActiveCfg = Release|Any CPU
		{CA70472C-577B-4CD2-BFBF-29F13542BE07}.AnyCPU|ARM.Build.0 = Release|Any CPU
		{CA70472C-577B-4CD2-BFBF-29F13542BE07}.AnyCPU|ARM64.ActiveCfg = Release|Any CPU
		{CA70472C-577B-4CD2-BFBF-29F13542BE07}.AnyCPU|ARM64.Build.0 = Release|Any CPU
		{CA70472C-577B-4CD2-BFBF-29F13542BE07}.AnyCPU|x64.ActiveCfg = Release|Any CPU
		{CA70472C-577B-4CD2-BFBF-29F13542BE07}.AnyCPU|x64.Build.0 = Release|Any CPU
		{CA70472C-577B-4CD2-BFBF-29F13542BE07}.AnyCPU|x86.ActiveCfg = Release|Any CPU
		{CA70472C-577B-4CD2-BFBF-29F13542BE07}.AnyCPU|x86.Build.0 = Release|Any CPU
		{CA70472C-577B-4CD2-BFBF-29F13542BE07}.Debug|Any CPU.ActiveCfg = Debug|Any CPU
		{CA70472C-577B-4CD2-BFBF-29F13542BE07}.Debug|Any CPU.Build.0 = Debug|Any CPU
		{CA70472C-577B-4CD2-BFBF-29F13542BE07}.Debug|ARM.ActiveCfg = Debug|Any CPU
		{CA70472C-577B-4CD2-BFBF-29F13542BE07}.Debug|ARM.Build.0 = Debug|Any CPU
		{CA70472C-577B-4CD2-BFBF-29F13542BE07}.Debug|ARM64.ActiveCfg = Debug|Any CPU
		{CA70472C-577B-4CD2-BFBF-29F13542BE07}.Debug|ARM64.Build.0 = Debug|Any CPU
		{CA70472C-577B-4CD2-BFBF-29F13542BE07}.Debug|x64.ActiveCfg = Debug|Any CPU
		{CA70472C-577B-4CD2-BFBF-29F13542BE07}.Debug|x64.Build.0 = Debug|Any CPU
		{CA70472C-577B-4CD2-BFBF-29F13542BE07}.Debug|x86.ActiveCfg = Debug|Any CPU
		{CA70472C-577B-4CD2-BFBF-29F13542BE07}.Debug|x86.Build.0 = Debug|Any CPU
		{CA70472C-577B-4CD2-BFBF-29F13542BE07}.Release|Any CPU.ActiveCfg = Release|Any CPU
		{CA70472C-577B-4CD2-BFBF-29F13542BE07}.Release|Any CPU.Build.0 = Release|Any CPU
		{CA70472C-577B-4CD2-BFBF-29F13542BE07}.Release|ARM.ActiveCfg = Release|Any CPU
		{CA70472C-577B-4CD2-BFBF-29F13542BE07}.Release|ARM.Build.0 = Release|Any CPU
		{CA70472C-577B-4CD2-BFBF-29F13542BE07}.Release|ARM64.ActiveCfg = Release|Any CPU
		{CA70472C-577B-4CD2-BFBF-29F13542BE07}.Release|ARM64.Build.0 = Release|Any CPU
		{CA70472C-577B-4CD2-BFBF-29F13542BE07}.Release|x64.ActiveCfg = Release|Any CPU
		{CA70472C-577B-4CD2-BFBF-29F13542BE07}.Release|x64.Build.0 = Release|Any CPU
		{CA70472C-577B-4CD2-BFBF-29F13542BE07}.Release|x86.ActiveCfg = Release|Any CPU
		{CA70472C-577B-4CD2-BFBF-29F13542BE07}.Release|x86.Build.0 = Release|Any CPU
		{B6A6C8AF-5632-48FC-9A05-7A1163CA3CE9}.AnyCPU|Any CPU.ActiveCfg = AnyCPU|Any CPU
		{B6A6C8AF-5632-48FC-9A05-7A1163CA3CE9}.AnyCPU|Any CPU.Build.0 = AnyCPU|Any CPU
		{B6A6C8AF-5632-48FC-9A05-7A1163CA3CE9}.AnyCPU|ARM.ActiveCfg = AnyCPU|Any CPU
		{B6A6C8AF-5632-48FC-9A05-7A1163CA3CE9}.AnyCPU|ARM.Build.0 = AnyCPU|Any CPU
		{B6A6C8AF-5632-48FC-9A05-7A1163CA3CE9}.AnyCPU|ARM64.ActiveCfg = AnyCPU|Any CPU
		{B6A6C8AF-5632-48FC-9A05-7A1163CA3CE9}.AnyCPU|ARM64.Build.0 = AnyCPU|Any CPU
		{B6A6C8AF-5632-48FC-9A05-7A1163CA3CE9}.AnyCPU|x64.ActiveCfg = AnyCPU|x64
		{B6A6C8AF-5632-48FC-9A05-7A1163CA3CE9}.AnyCPU|x64.Build.0 = AnyCPU|x64
		{B6A6C8AF-5632-48FC-9A05-7A1163CA3CE9}.AnyCPU|x86.ActiveCfg = AnyCPU|Win32
		{B6A6C8AF-5632-48FC-9A05-7A1163CA3CE9}.AnyCPU|x86.Build.0 = AnyCPU|Win32
		{B6A6C8AF-5632-48FC-9A05-7A1163CA3CE9}.Debug|Any CPU.ActiveCfg = Debug|Any CPU
		{B6A6C8AF-5632-48FC-9A05-7A1163CA3CE9}.Debug|Any CPU.Build.0 = Debug|Any CPU
		{B6A6C8AF-5632-48FC-9A05-7A1163CA3CE9}.Debug|ARM.ActiveCfg = Debug|ARM
		{B6A6C8AF-5632-48FC-9A05-7A1163CA3CE9}.Debug|ARM.Build.0 = Debug|ARM
		{B6A6C8AF-5632-48FC-9A05-7A1163CA3CE9}.Debug|ARM64.ActiveCfg = Debug|ARM64
		{B6A6C8AF-5632-48FC-9A05-7A1163CA3CE9}.Debug|ARM64.Build.0 = Debug|ARM64
		{B6A6C8AF-5632-48FC-9A05-7A1163CA3CE9}.Debug|x64.ActiveCfg = Debug|x64
		{B6A6C8AF-5632-48FC-9A05-7A1163CA3CE9}.Debug|x64.Build.0 = Debug|x64
		{B6A6C8AF-5632-48FC-9A05-7A1163CA3CE9}.Debug|x86.ActiveCfg = Debug|x86
		{B6A6C8AF-5632-48FC-9A05-7A1163CA3CE9}.Debug|x86.Build.0 = Debug|x86
		{B6A6C8AF-5632-48FC-9A05-7A1163CA3CE9}.Release|Any CPU.ActiveCfg = Release|Any CPU
		{B6A6C8AF-5632-48FC-9A05-7A1163CA3CE9}.Release|Any CPU.Build.0 = Release|Any CPU
		{B6A6C8AF-5632-48FC-9A05-7A1163CA3CE9}.Release|ARM.ActiveCfg = Release|ARM
		{B6A6C8AF-5632-48FC-9A05-7A1163CA3CE9}.Release|ARM.Build.0 = Release|ARM
		{B6A6C8AF-5632-48FC-9A05-7A1163CA3CE9}.Release|ARM64.ActiveCfg = Release|ARM64
		{B6A6C8AF-5632-48FC-9A05-7A1163CA3CE9}.Release|ARM64.Build.0 = Release|ARM64
		{B6A6C8AF-5632-48FC-9A05-7A1163CA3CE9}.Release|x64.ActiveCfg = Release|x64
		{B6A6C8AF-5632-48FC-9A05-7A1163CA3CE9}.Release|x64.Build.0 = Release|x64
		{B6A6C8AF-5632-48FC-9A05-7A1163CA3CE9}.Release|x86.ActiveCfg = Release|x86
		{B6A6C8AF-5632-48FC-9A05-7A1163CA3CE9}.Release|x86.Build.0 = Release|x86
		{E1876CFA-BD19-4976-B673-B5E5DDB70F39}.AnyCPU|Any CPU.ActiveCfg = AnyCPU|Any CPU
		{E1876CFA-BD19-4976-B673-B5E5DDB70F39}.AnyCPU|Any CPU.Build.0 = AnyCPU|Any CPU
		{E1876CFA-BD19-4976-B673-B5E5DDB70F39}.AnyCPU|ARM.ActiveCfg = AnyCPU|Any CPU
		{E1876CFA-BD19-4976-B673-B5E5DDB70F39}.AnyCPU|ARM.Build.0 = AnyCPU|Any CPU
		{E1876CFA-BD19-4976-B673-B5E5DDB70F39}.AnyCPU|ARM64.ActiveCfg = AnyCPU|Any CPU
		{E1876CFA-BD19-4976-B673-B5E5DDB70F39}.AnyCPU|ARM64.Build.0 = AnyCPU|Any CPU
		{E1876CFA-BD19-4976-B673-B5E5DDB70F39}.AnyCPU|x64.ActiveCfg = AnyCPU|x64
		{E1876CFA-BD19-4976-B673-B5E5DDB70F39}.AnyCPU|x64.Build.0 = AnyCPU|x64
		{E1876CFA-BD19-4976-B673-B5E5DDB70F39}.AnyCPU|x86.ActiveCfg = AnyCPU|Win32
		{E1876CFA-BD19-4976-B673-B5E5DDB70F39}.AnyCPU|x86.Build.0 = AnyCPU|Win32
		{E1876CFA-BD19-4976-B673-B5E5DDB70F39}.Debug|Any CPU.ActiveCfg = Debug|Any CPU
		{E1876CFA-BD19-4976-B673-B5E5DDB70F39}.Debug|Any CPU.Build.0 = Debug|Any CPU
		{E1876CFA-BD19-4976-B673-B5E5DDB70F39}.Debug|ARM.ActiveCfg = Debug|ARM
		{E1876CFA-BD19-4976-B673-B5E5DDB70F39}.Debug|ARM.Build.0 = Debug|ARM
		{E1876CFA-BD19-4976-B673-B5E5DDB70F39}.Debug|ARM64.ActiveCfg = Debug|ARM64
		{E1876CFA-BD19-4976-B673-B5E5DDB70F39}.Debug|ARM64.Build.0 = Debug|ARM64
		{E1876CFA-BD19-4976-B673-B5E5DDB70F39}.Debug|x64.ActiveCfg = Debug|x64
		{E1876CFA-BD19-4976-B673-B5E5DDB70F39}.Debug|x64.Build.0 = Debug|x64
		{E1876CFA-BD19-4976-B673-B5E5DDB70F39}.Debug|x86.ActiveCfg = Debug|x86
		{E1876CFA-BD19-4976-B673-B5E5DDB70F39}.Debug|x86.Build.0 = Debug|x86
		{E1876CFA-BD19-4976-B673-B5E5DDB70F39}.Release|Any CPU.ActiveCfg = Release|Any CPU
		{E1876CFA-BD19-4976-B673-B5E5DDB70F39}.Release|Any CPU.Build.0 = Release|Any CPU
		{E1876CFA-BD19-4976-B673-B5E5DDB70F39}.Release|ARM.ActiveCfg = Release|ARM
		{E1876CFA-BD19-4976-B673-B5E5DDB70F39}.Release|ARM.Build.0 = Release|ARM
		{E1876CFA-BD19-4976-B673-B5E5DDB70F39}.Release|ARM64.ActiveCfg = Release|ARM64
		{E1876CFA-BD19-4976-B673-B5E5DDB70F39}.Release|ARM64.Build.0 = Release|ARM64
		{E1876CFA-BD19-4976-B673-B5E5DDB70F39}.Release|x64.ActiveCfg = Release|x64
		{E1876CFA-BD19-4976-B673-B5E5DDB70F39}.Release|x64.Build.0 = Release|x64
		{E1876CFA-BD19-4976-B673-B5E5DDB70F39}.Release|x86.ActiveCfg = Release|x86
		{E1876CFA-BD19-4976-B673-B5E5DDB70F39}.Release|x86.Build.0 = Release|x86
		{F818C264-D5F8-4940-A362-ED923833B97D}.AnyCPU|Any CPU.ActiveCfg = AnyCPU|Any CPU
		{F818C264-D5F8-4940-A362-ED923833B97D}.AnyCPU|Any CPU.Build.0 = AnyCPU|Any CPU
		{F818C264-D5F8-4940-A362-ED923833B97D}.AnyCPU|ARM.ActiveCfg = AnyCPU|Any CPU
		{F818C264-D5F8-4940-A362-ED923833B97D}.AnyCPU|ARM.Build.0 = AnyCPU|Any CPU
		{F818C264-D5F8-4940-A362-ED923833B97D}.AnyCPU|ARM64.ActiveCfg = AnyCPU|Any CPU
		{F818C264-D5F8-4940-A362-ED923833B97D}.AnyCPU|ARM64.Build.0 = AnyCPU|Any CPU
		{F818C264-D5F8-4940-A362-ED923833B97D}.AnyCPU|x64.ActiveCfg = AnyCPU|x64
		{F818C264-D5F8-4940-A362-ED923833B97D}.AnyCPU|x64.Build.0 = AnyCPU|x64
		{F818C264-D5F8-4940-A362-ED923833B97D}.AnyCPU|x86.ActiveCfg = AnyCPU|Win32
		{F818C264-D5F8-4940-A362-ED923833B97D}.AnyCPU|x86.Build.0 = AnyCPU|Win32
		{F818C264-D5F8-4940-A362-ED923833B97D}.Debug|Any CPU.ActiveCfg = Debug|Any CPU
		{F818C264-D5F8-4940-A362-ED923833B97D}.Debug|Any CPU.Build.0 = Debug|Any CPU
		{F818C264-D5F8-4940-A362-ED923833B97D}.Debug|ARM.ActiveCfg = Debug|ARM
		{F818C264-D5F8-4940-A362-ED923833B97D}.Debug|ARM.Build.0 = Debug|ARM
		{F818C264-D5F8-4940-A362-ED923833B97D}.Debug|ARM64.ActiveCfg = Debug|ARM64
		{F818C264-D5F8-4940-A362-ED923833B97D}.Debug|ARM64.Build.0 = Debug|ARM64
		{F818C264-D5F8-4940-A362-ED923833B97D}.Debug|x64.ActiveCfg = Debug|x64
		{F818C264-D5F8-4940-A362-ED923833B97D}.Debug|x64.Build.0 = Debug|x64
		{F818C264-D5F8-4940-A362-ED923833B97D}.Debug|x86.ActiveCfg = Debug|x86
		{F818C264-D5F8-4940-A362-ED923833B97D}.Debug|x86.Build.0 = Debug|x86
		{F818C264-D5F8-4940-A362-ED923833B97D}.Release|Any CPU.ActiveCfg = Release|Any CPU
		{F818C264-D5F8-4940-A362-ED923833B97D}.Release|Any CPU.Build.0 = Release|Any CPU
		{F818C264-D5F8-4940-A362-ED923833B97D}.Release|ARM.ActiveCfg = Release|ARM
		{F818C264-D5F8-4940-A362-ED923833B97D}.Release|ARM.Build.0 = Release|ARM
		{F818C264-D5F8-4940-A362-ED923833B97D}.Release|ARM64.ActiveCfg = Release|ARM64
		{F818C264-D5F8-4940-A362-ED923833B97D}.Release|ARM64.Build.0 = Release|ARM64
		{F818C264-D5F8-4940-A362-ED923833B97D}.Release|x64.ActiveCfg = Release|x64
		{F818C264-D5F8-4940-A362-ED923833B97D}.Release|x64.Build.0 = Release|x64
		{F818C264-D5F8-4940-A362-ED923833B97D}.Release|x86.ActiveCfg = Release|x86
		{F818C264-D5F8-4940-A362-ED923833B97D}.Release|x86.Build.0 = Release|x86
		{F37B1768-E78B-414D-86FD-4BDD72EDFAD8}.AnyCPU|Any CPU.ActiveCfg = AnyCPU|Any CPU
		{F37B1768-E78B-414D-86FD-4BDD72EDFAD8}.AnyCPU|Any CPU.Build.0 = AnyCPU|Any CPU
		{F37B1768-E78B-414D-86FD-4BDD72EDFAD8}.AnyCPU|ARM.ActiveCfg = AnyCPU|Any CPU
		{F37B1768-E78B-414D-86FD-4BDD72EDFAD8}.AnyCPU|ARM.Build.0 = AnyCPU|Any CPU
		{F37B1768-E78B-414D-86FD-4BDD72EDFAD8}.AnyCPU|ARM64.ActiveCfg = AnyCPU|Any CPU
		{F37B1768-E78B-414D-86FD-4BDD72EDFAD8}.AnyCPU|ARM64.Build.0 = AnyCPU|Any CPU
		{F37B1768-E78B-414D-86FD-4BDD72EDFAD8}.AnyCPU|x64.ActiveCfg = AnyCPU|x64
		{F37B1768-E78B-414D-86FD-4BDD72EDFAD8}.AnyCPU|x64.Build.0 = AnyCPU|x64
		{F37B1768-E78B-414D-86FD-4BDD72EDFAD8}.AnyCPU|x86.ActiveCfg = AnyCPU|Win32
		{F37B1768-E78B-414D-86FD-4BDD72EDFAD8}.AnyCPU|x86.Build.0 = AnyCPU|Win32
		{F37B1768-E78B-414D-86FD-4BDD72EDFAD8}.Debug|Any CPU.ActiveCfg = Debug|Any CPU
		{F37B1768-E78B-414D-86FD-4BDD72EDFAD8}.Debug|Any CPU.Build.0 = Debug|Any CPU
		{F37B1768-E78B-414D-86FD-4BDD72EDFAD8}.Debug|ARM.ActiveCfg = Debug|ARM
		{F37B1768-E78B-414D-86FD-4BDD72EDFAD8}.Debug|ARM.Build.0 = Debug|ARM
		{F37B1768-E78B-414D-86FD-4BDD72EDFAD8}.Debug|ARM64.ActiveCfg = Debug|ARM64
		{F37B1768-E78B-414D-86FD-4BDD72EDFAD8}.Debug|ARM64.Build.0 = Debug|ARM64
		{F37B1768-E78B-414D-86FD-4BDD72EDFAD8}.Debug|x64.ActiveCfg = Debug|x64
		{F37B1768-E78B-414D-86FD-4BDD72EDFAD8}.Debug|x64.Build.0 = Debug|x64
		{F37B1768-E78B-414D-86FD-4BDD72EDFAD8}.Debug|x86.ActiveCfg = Debug|x86
		{F37B1768-E78B-414D-86FD-4BDD72EDFAD8}.Debug|x86.Build.0 = Debug|x86
		{F37B1768-E78B-414D-86FD-4BDD72EDFAD8}.Release|Any CPU.ActiveCfg = Release|Any CPU
		{F37B1768-E78B-414D-86FD-4BDD72EDFAD8}.Release|Any CPU.Build.0 = Release|Any CPU
		{F37B1768-E78B-414D-86FD-4BDD72EDFAD8}.Release|ARM.ActiveCfg = Release|ARM
		{F37B1768-E78B-414D-86FD-4BDD72EDFAD8}.Release|ARM.Build.0 = Release|ARM
		{F37B1768-E78B-414D-86FD-4BDD72EDFAD8}.Release|ARM64.ActiveCfg = Release|ARM64
		{F37B1768-E78B-414D-86FD-4BDD72EDFAD8}.Release|ARM64.Build.0 = Release|ARM64
		{F37B1768-E78B-414D-86FD-4BDD72EDFAD8}.Release|x64.ActiveCfg = Release|x64
		{F37B1768-E78B-414D-86FD-4BDD72EDFAD8}.Release|x64.Build.0 = Release|x64
		{F37B1768-E78B-414D-86FD-4BDD72EDFAD8}.Release|x86.ActiveCfg = Release|x86
		{F37B1768-E78B-414D-86FD-4BDD72EDFAD8}.Release|x86.Build.0 = Release|x86
		{53CEF44A-AFE0-4377-B199-CC72C26B2356}.AnyCPU|Any CPU.ActiveCfg = Debug|Any CPU
		{53CEF44A-AFE0-4377-B199-CC72C26B2356}.AnyCPU|Any CPU.Build.0 = Debug|Any CPU
		{53CEF44A-AFE0-4377-B199-CC72C26B2356}.AnyCPU|ARM.ActiveCfg = Debug|ARM
		{53CEF44A-AFE0-4377-B199-CC72C26B2356}.AnyCPU|ARM.Build.0 = Debug|ARM
		{53CEF44A-AFE0-4377-B199-CC72C26B2356}.AnyCPU|ARM64.ActiveCfg = Debug|ARM64
		{53CEF44A-AFE0-4377-B199-CC72C26B2356}.AnyCPU|ARM64.Build.0 = Debug|ARM64
		{53CEF44A-AFE0-4377-B199-CC72C26B2356}.AnyCPU|x64.ActiveCfg = Debug|x64
		{53CEF44A-AFE0-4377-B199-CC72C26B2356}.AnyCPU|x64.Build.0 = Debug|x64
		{53CEF44A-AFE0-4377-B199-CC72C26B2356}.AnyCPU|x86.ActiveCfg = Debug|x86
		{53CEF44A-AFE0-4377-B199-CC72C26B2356}.AnyCPU|x86.Build.0 = Debug|x86
		{53CEF44A-AFE0-4377-B199-CC72C26B2356}.Debug|Any CPU.ActiveCfg = Debug|Any CPU
		{53CEF44A-AFE0-4377-B199-CC72C26B2356}.Debug|Any CPU.Build.0 = Debug|Any CPU
		{53CEF44A-AFE0-4377-B199-CC72C26B2356}.Debug|ARM.ActiveCfg = Debug|ARM
		{53CEF44A-AFE0-4377-B199-CC72C26B2356}.Debug|ARM.Build.0 = Debug|ARM
		{53CEF44A-AFE0-4377-B199-CC72C26B2356}.Debug|ARM64.ActiveCfg = Debug|ARM64
		{53CEF44A-AFE0-4377-B199-CC72C26B2356}.Debug|ARM64.Build.0 = Debug|ARM64
		{53CEF44A-AFE0-4377-B199-CC72C26B2356}.Debug|x64.ActiveCfg = Debug|x64
		{53CEF44A-AFE0-4377-B199-CC72C26B2356}.Debug|x64.Build.0 = Debug|x64
		{53CEF44A-AFE0-4377-B199-CC72C26B2356}.Debug|x86.ActiveCfg = Debug|x86
		{53CEF44A-AFE0-4377-B199-CC72C26B2356}.Debug|x86.Build.0 = Debug|x86
		{53CEF44A-AFE0-4377-B199-CC72C26B2356}.Release|Any CPU.ActiveCfg = Release|Any CPU
		{53CEF44A-AFE0-4377-B199-CC72C26B2356}.Release|Any CPU.Build.0 = Release|Any CPU
		{53CEF44A-AFE0-4377-B199-CC72C26B2356}.Release|ARM.ActiveCfg = Release|ARM
		{53CEF44A-AFE0-4377-B199-CC72C26B2356}.Release|ARM.Build.0 = Release|ARM
		{53CEF44A-AFE0-4377-B199-CC72C26B2356}.Release|ARM64.ActiveCfg = Release|ARM64
		{53CEF44A-AFE0-4377-B199-CC72C26B2356}.Release|ARM64.Build.0 = Release|ARM64
		{53CEF44A-AFE0-4377-B199-CC72C26B2356}.Release|x64.ActiveCfg = Release|x64
		{53CEF44A-AFE0-4377-B199-CC72C26B2356}.Release|x64.Build.0 = Release|x64
		{53CEF44A-AFE0-4377-B199-CC72C26B2356}.Release|x86.ActiveCfg = Release|x86
		{53CEF44A-AFE0-4377-B199-CC72C26B2356}.Release|x86.Build.0 = Release|x86
		{162DE1FB-3CF4-48CD-BE91-3DC44B6FACB2}.AnyCPU|Any CPU.ActiveCfg = Debug|Any CPU
		{162DE1FB-3CF4-48CD-BE91-3DC44B6FACB2}.AnyCPU|Any CPU.Build.0 = Debug|Any CPU
		{162DE1FB-3CF4-48CD-BE91-3DC44B6FACB2}.AnyCPU|ARM.ActiveCfg = Debug|ARM
		{162DE1FB-3CF4-48CD-BE91-3DC44B6FACB2}.AnyCPU|ARM.Build.0 = Debug|ARM
		{162DE1FB-3CF4-48CD-BE91-3DC44B6FACB2}.AnyCPU|ARM64.ActiveCfg = Debug|ARM64
		{162DE1FB-3CF4-48CD-BE91-3DC44B6FACB2}.AnyCPU|ARM64.Build.0 = Debug|ARM64
		{162DE1FB-3CF4-48CD-BE91-3DC44B6FACB2}.AnyCPU|x64.ActiveCfg = Debug|x64
		{162DE1FB-3CF4-48CD-BE91-3DC44B6FACB2}.AnyCPU|x64.Build.0 = Debug|x64
		{162DE1FB-3CF4-48CD-BE91-3DC44B6FACB2}.AnyCPU|x86.ActiveCfg = Debug|x86
		{162DE1FB-3CF4-48CD-BE91-3DC44B6FACB2}.AnyCPU|x86.Build.0 = Debug|x86
		{162DE1FB-3CF4-48CD-BE91-3DC44B6FACB2}.Debug|Any CPU.ActiveCfg = Debug|Any CPU
		{162DE1FB-3CF4-48CD-BE91-3DC44B6FACB2}.Debug|Any CPU.Build.0 = Debug|Any CPU
		{162DE1FB-3CF4-48CD-BE91-3DC44B6FACB2}.Debug|ARM.ActiveCfg = Debug|ARM
		{162DE1FB-3CF4-48CD-BE91-3DC44B6FACB2}.Debug|ARM.Build.0 = Debug|ARM
		{162DE1FB-3CF4-48CD-BE91-3DC44B6FACB2}.Debug|ARM64.ActiveCfg = Debug|ARM64
		{162DE1FB-3CF4-48CD-BE91-3DC44B6FACB2}.Debug|ARM64.Build.0 = Debug|ARM64
		{162DE1FB-3CF4-48CD-BE91-3DC44B6FACB2}.Debug|x64.ActiveCfg = Debug|x64
		{162DE1FB-3CF4-48CD-BE91-3DC44B6FACB2}.Debug|x64.Build.0 = Debug|x64
		{162DE1FB-3CF4-48CD-BE91-3DC44B6FACB2}.Debug|x86.ActiveCfg = Debug|x86
		{162DE1FB-3CF4-48CD-BE91-3DC44B6FACB2}.Debug|x86.Build.0 = Debug|x86
		{162DE1FB-3CF4-48CD-BE91-3DC44B6FACB2}.Release|Any CPU.ActiveCfg = Release|Any CPU
		{162DE1FB-3CF4-48CD-BE91-3DC44B6FACB2}.Release|Any CPU.Build.0 = Release|Any CPU
		{162DE1FB-3CF4-48CD-BE91-3DC44B6FACB2}.Release|ARM.ActiveCfg = Release|ARM
		{162DE1FB-3CF4-48CD-BE91-3DC44B6FACB2}.Release|ARM.Build.0 = Release|ARM
		{162DE1FB-3CF4-48CD-BE91-3DC44B6FACB2}.Release|ARM64.ActiveCfg = Release|ARM64
		{162DE1FB-3CF4-48CD-BE91-3DC44B6FACB2}.Release|ARM64.Build.0 = Release|ARM64
		{162DE1FB-3CF4-48CD-BE91-3DC44B6FACB2}.Release|x64.ActiveCfg = Release|x64
		{162DE1FB-3CF4-48CD-BE91-3DC44B6FACB2}.Release|x64.Build.0 = Release|x64
		{162DE1FB-3CF4-48CD-BE91-3DC44B6FACB2}.Release|x86.ActiveCfg = Release|x86
		{162DE1FB-3CF4-48CD-BE91-3DC44B6FACB2}.Release|x86.Build.0 = Release|x86
		{316543F3-BED9-4736-A321-21BDF1A9241E}.AnyCPU|Any CPU.ActiveCfg = Debug|Any CPU
		{316543F3-BED9-4736-A321-21BDF1A9241E}.AnyCPU|Any CPU.Build.0 = Debug|Any CPU
		{316543F3-BED9-4736-A321-21BDF1A9241E}.AnyCPU|ARM.ActiveCfg = Debug|ARM
		{316543F3-BED9-4736-A321-21BDF1A9241E}.AnyCPU|ARM.Build.0 = Debug|ARM
		{316543F3-BED9-4736-A321-21BDF1A9241E}.AnyCPU|ARM64.ActiveCfg = Debug|ARM64
		{316543F3-BED9-4736-A321-21BDF1A9241E}.AnyCPU|ARM64.Build.0 = Debug|ARM64
		{316543F3-BED9-4736-A321-21BDF1A9241E}.AnyCPU|x64.ActiveCfg = Debug|x64
		{316543F3-BED9-4736-A321-21BDF1A9241E}.AnyCPU|x64.Build.0 = Debug|x64
		{316543F3-BED9-4736-A321-21BDF1A9241E}.AnyCPU|x86.ActiveCfg = Debug|x86
		{316543F3-BED9-4736-A321-21BDF1A9241E}.AnyCPU|x86.Build.0 = Debug|x86
		{316543F3-BED9-4736-A321-21BDF1A9241E}.Debug|Any CPU.ActiveCfg = Debug|Any CPU
		{316543F3-BED9-4736-A321-21BDF1A9241E}.Debug|Any CPU.Build.0 = Debug|Any CPU
		{316543F3-BED9-4736-A321-21BDF1A9241E}.Debug|ARM.ActiveCfg = Debug|ARM
		{316543F3-BED9-4736-A321-21BDF1A9241E}.Debug|ARM.Build.0 = Debug|ARM
		{316543F3-BED9-4736-A321-21BDF1A9241E}.Debug|ARM64.ActiveCfg = Debug|ARM64
		{316543F3-BED9-4736-A321-21BDF1A9241E}.Debug|ARM64.Build.0 = Debug|ARM64
		{316543F3-BED9-4736-A321-21BDF1A9241E}.Debug|x64.ActiveCfg = Debug|x64
		{316543F3-BED9-4736-A321-21BDF1A9241E}.Debug|x64.Build.0 = Debug|x64
		{316543F3-BED9-4736-A321-21BDF1A9241E}.Debug|x86.ActiveCfg = Debug|x86
		{316543F3-BED9-4736-A321-21BDF1A9241E}.Debug|x86.Build.0 = Debug|x86
		{316543F3-BED9-4736-A321-21BDF1A9241E}.Release|Any CPU.ActiveCfg = Release|Any CPU
		{316543F3-BED9-4736-A321-21BDF1A9241E}.Release|Any CPU.Build.0 = Release|Any CPU
		{316543F3-BED9-4736-A321-21BDF1A9241E}.Release|ARM.ActiveCfg = Release|ARM
		{316543F3-BED9-4736-A321-21BDF1A9241E}.Release|ARM.Build.0 = Release|ARM
		{316543F3-BED9-4736-A321-21BDF1A9241E}.Release|ARM64.ActiveCfg = Release|ARM64
		{316543F3-BED9-4736-A321-21BDF1A9241E}.Release|ARM64.Build.0 = Release|ARM64
		{316543F3-BED9-4736-A321-21BDF1A9241E}.Release|x64.ActiveCfg = Release|x64
		{316543F3-BED9-4736-A321-21BDF1A9241E}.Release|x64.Build.0 = Release|x64
		{316543F3-BED9-4736-A321-21BDF1A9241E}.Release|x86.ActiveCfg = Release|x86
		{316543F3-BED9-4736-A321-21BDF1A9241E}.Release|x86.Build.0 = Release|x86
	EndGlobalSection
	GlobalSection(SolutionProperties) = preSolution
		HideSolutionNode = FALSE
	EndGlobalSection
	GlobalSection(NestedProjects) = preSolution
		{CCD6CA11-A092-4F22-9976-A804AC0CA819} = {8728D28F-762E-4993-A45C-D039C399F225}
		{4C946033-B0F2-43FF-8644-7892E2A58C53} = {8728D28F-762E-4993-A45C-D039C399F225}
		{92B1E3B4-92A4-4C0B-85A9-B83BC0287DAF} = {8728D28F-762E-4993-A45C-D039C399F225}
		{AD96D3E2-356D-4E4F-ADFF-EAA481F7403D} = {5FD28DBA-9BFC-42A5-8B0B-90C0DEA20020}
		{7182D367-4984-4A8F-98BD-E276C98AD095} = {5FD28DBA-9BFC-42A5-8B0B-90C0DEA20020}
		{8884EFB7-02B2-4DD3-85BC-48D95EE21804} = {5FD28DBA-9BFC-42A5-8B0B-90C0DEA20020}
		{8FF44D52-4886-489A-950C-9DA5AD62B90E} = {5FD28DBA-9BFC-42A5-8B0B-90C0DEA20020}
		{CA70472C-577B-4CD2-BFBF-29F13542BE07} = {5FD28DBA-9BFC-42A5-8B0B-90C0DEA20020}
		{E6CB98F8-7A29-4173-B1FC-068D719AF557} = {BCC31D25-B55E-47BC-A0A7-7A770534C962}
		{B6A6C8AF-5632-48FC-9A05-7A1163CA3CE9} = {8728D28F-762E-4993-A45C-D039C399F225}
		{E1876CFA-BD19-4976-B673-B5E5DDB70F39} = {8728D28F-762E-4993-A45C-D039C399F225}
		{F818C264-D5F8-4940-A362-ED923833B97D} = {8728D28F-762E-4993-A45C-D039C399F225}
		{F37B1768-E78B-414D-86FD-4BDD72EDFAD8} = {B32B40A5-1365-4170-ACA5-F5A07736B6EA}
		{ADF95A2F-E80C-4E6E-AD1C-2F79750F7F1C} = {B32B40A5-1365-4170-ACA5-F5A07736B6EA}
		{53CEF44A-AFE0-4377-B199-CC72C26B2356} = {ADF95A2F-E80C-4E6E-AD1C-2F79750F7F1C}
		{162DE1FB-3CF4-48CD-BE91-3DC44B6FACB2} = {ADF95A2F-E80C-4E6E-AD1C-2F79750F7F1C}
		{316543F3-BED9-4736-A321-21BDF1A9241E} = {ADF95A2F-E80C-4E6E-AD1C-2F79750F7F1C}
	EndGlobalSection
	GlobalSection(ExtensibilityGlobals) = postSolution
		SolutionGuid = {6A2AC82C-CEF8-45E5-9A55-DF750CD7CB83}
	EndGlobalSection
EndGlobal
