
Microsoft Visual Studio Solution File, Format Version 12.00
# Visual Studio Version 17
VisualStudioVersion = 17.6.33417.168
MinimumVisualStudioVersion = 10.0.40219.1
Project("{2150E333-8FDC-42A3-9474-1A3956D46DE8}") = "Solution Items", "Solution Items", "{BCC31D25-B55E-47BC-A0A7-7A770534C962}"
	ProjectSection(SolutionItems) = preProject
		.editorconfig = .editorconfig
		.gitattributes = .gitattributes
		.gitignore = .gitignore
		.markdownlint.json = .markdownlint.json
		azure-pipelines.yml = azure-pipelines.yml
		Directory.Build.props = Directory.Build.props
		Directory.Packages.props = Directory.Packages.props
		global.json = global.json
		LICENSE.txt = LICENSE.txt
		nuget.config = nuget.config
		README.md = README.md
	EndProjectSection
EndProject
Project("{2150E333-8FDC-42A3-9474-1A3956D46DE8}") = "Appx", "Appx", "{8728D28F-762E-4993-A45C-D039C399F225}"
EndProject
Project("{2150E333-8FDC-42A3-9474-1A3956D46DE8}") = "Extensions", "Extensions", "{B32B40A5-1365-4170-ACA5-F5A07736B6EA}"
EndProject
Project("{2150E333-8FDC-42A3-9474-1A3956D46DE8}") = "Libraries", "Libraries", "{5FD28DBA-9BFC-42A5-8B0B-90C0DEA20020}"
EndProject
Project("{FAE04EC0-301F-11D3-BF4B-00C04F79EFBC}") = "GZSkinsX", "src\appx\GZSkinsX\GZSkinsX.csproj", "{CCD6CA11-A092-4F22-9976-A804AC0CA819}"
EndProject
Project("{FAE04EC0-301F-11D3-BF4B-00C04F79EFBC}") = "GZSkinsX.Api", "src\appx\GZSkinsX.Api\GZSkinsX.Api.csproj", "{4C946033-B0F2-43FF-8644-7892E2A58C53}"
EndProject
Project("{2150E333-8FDC-42A3-9474-1A3956D46DE8}") = "eng", "eng", "{E6CB98F8-7A29-4173-B1FC-068D719AF557}"
	ProjectSection(SolutionItems) = preProject
		eng\uap.props = eng\uap.props
	EndProjectSection
EndProject
Global
	GlobalSection(SolutionConfigurationPlatforms) = preSolution
		AnyCPU|Any CPU = AnyCPU|Any CPU
		AnyCPU|ARM = AnyCPU|ARM
		AnyCPU|ARM64 = AnyCPU|ARM64
		AnyCPU|x64 = AnyCPU|x64
		AnyCPU|x86 = AnyCPU|x86
		Debug|Any CPU = Debug|Any CPU
		Debug|ARM = Debug|ARM
		Debug|ARM64 = Debug|ARM64
		Debug|x64 = Debug|x64
		Debug|x86 = Debug|x86
		Release|Any CPU = Release|Any CPU
		Release|ARM = Release|ARM
		Release|ARM64 = Release|ARM64
		Release|x64 = Release|x64
		Release|x86 = Release|x86
	EndGlobalSection
	GlobalSection(ProjectConfigurationPlatforms) = postSolution
		{CCD6CA11-A092-4F22-9976-A804AC0CA819}.AnyCPU|Any CPU.ActiveCfg = AnyCPU|Any CPU
		{CCD6CA11-A092-4F22-9976-A804AC0CA819}.AnyCPU|Any CPU.Build.0 = AnyCPU|Any CPU
		{CCD6CA11-A092-4F22-9976-A804AC0CA819}.AnyCPU|Any CPU.Deploy.0 = AnyCPU|Any CPU
		{CCD6CA11-A092-4F22-9976-A804AC0CA819}.AnyCPU|ARM.ActiveCfg = AnyCPU|Any CPU
		{CCD6CA11-A092-4F22-9976-A804AC0CA819}.AnyCPU|ARM.Build.0 = AnyCPU|Any CPU
		{CCD6CA11-A092-4F22-9976-A804AC0CA819}.AnyCPU|ARM.Deploy.0 = AnyCPU|Any CPU
		{CCD6CA11-A092-4F22-9976-A804AC0CA819}.AnyCPU|ARM64.ActiveCfg = AnyCPU|Any CPU
		{CCD6CA11-A092-4F22-9976-A804AC0CA819}.AnyCPU|ARM64.Build.0 = AnyCPU|Any CPU
		{CCD6CA11-A092-4F22-9976-A804AC0CA819}.AnyCPU|ARM64.Deploy.0 = AnyCPU|Any CPU
		{CCD6CA11-A092-4F22-9976-A804AC0CA819}.AnyCPU|x64.ActiveCfg = AnyCPU|x64
		{CCD6CA11-A092-4F22-9976-A804AC0CA819}.AnyCPU|x64.Build.0 = AnyCPU|x64
		{CCD6CA11-A092-4F22-9976-A804AC0CA819}.AnyCPU|x64.Deploy.0 = AnyCPU|x64
		{CCD6CA11-A092-4F22-9976-A804AC0CA819}.AnyCPU|x86.ActiveCfg = AnyCPU|Win32
		{CCD6CA11-A092-4F22-9976-A804AC0CA819}.AnyCPU|x86.Build.0 = AnyCPU|Win32
		{CCD6CA11-A092-4F22-9976-A804AC0CA819}.AnyCPU|x86.Deploy.0 = AnyCPU|Win32
		{CCD6CA11-A092-4F22-9976-A804AC0CA819}.Debug|Any CPU.ActiveCfg = Debug|Any CPU
		{CCD6CA11-A092-4F22-9976-A804AC0CA819}.Debug|Any CPU.Build.0 = Debug|Any CPU
		{CCD6CA11-A092-4F22-9976-A804AC0CA819}.Debug|ARM.ActiveCfg = Debug|ARM
		{CCD6CA11-A092-4F22-9976-A804AC0CA819}.Debug|ARM.Build.0 = Debug|ARM
		{CCD6CA11-A092-4F22-9976-A804AC0CA819}.Debug|ARM.Deploy.0 = Debug|ARM
		{CCD6CA11-A092-4F22-9976-A804AC0CA819}.Debug|ARM64.ActiveCfg = Debug|ARM64
		{CCD6CA11-A092-4F22-9976-A804AC0CA819}.Debug|ARM64.Build.0 = Debug|ARM64
		{CCD6CA11-A092-4F22-9976-A804AC0CA819}.Debug|ARM64.Deploy.0 = Debug|ARM64
		{CCD6CA11-A092-4F22-9976-A804AC0CA819}.Debug|x64.ActiveCfg = Debug|x64
		{CCD6CA11-A092-4F22-9976-A804AC0CA819}.Debug|x64.Build.0 = Debug|x64
		{CCD6CA11-A092-4F22-9976-A804AC0CA819}.Debug|x64.Deploy.0 = Debug|x64
		{CCD6CA11-A092-4F22-9976-A804AC0CA819}.Debug|x86.ActiveCfg = Debug|x86
		{CCD6CA11-A092-4F22-9976-A804AC0CA819}.Debug|x86.Build.0 = Debug|x86
		{CCD6CA11-A092-4F22-9976-A804AC0CA819}.Debug|x86.Deploy.0 = Debug|x86
		{CCD6CA11-A092-4F22-9976-A804AC0CA819}.Release|Any CPU.ActiveCfg = Release|Any CPU
		{CCD6CA11-A092-4F22-9976-A804AC0CA819}.Release|Any CPU.Build.0 = Release|Any CPU
		{CCD6CA11-A092-4F22-9976-A804AC0CA819}.Release|ARM.ActiveCfg = Release|ARM
		{CCD6CA11-A092-4F22-9976-A804AC0CA819}.Release|ARM.Build.0 = Release|ARM
		{CCD6CA11-A092-4F22-9976-A804AC0CA819}.Release|ARM.Deploy.0 = Release|ARM
		{CCD6CA11-A092-4F22-9976-A804AC0CA819}.Release|ARM64.ActiveCfg = Release|ARM64
		{CCD6CA11-A092-4F22-9976-A804AC0CA819}.Release|ARM64.Build.0 = Release|ARM64
		{CCD6CA11-A092-4F22-9976-A804AC0CA819}.Release|ARM64.Deploy.0 = Release|ARM64
		{CCD6CA11-A092-4F22-9976-A804AC0CA819}.Release|x64.ActiveCfg = Release|x64
		{CCD6CA11-A092-4F22-9976-A804AC0CA819}.Release|x64.Build.0 = Release|x64
		{CCD6CA11-A092-4F22-9976-A804AC0CA819}.Release|x64.Deploy.0 = Release|x64
		{CCD6CA11-A092-4F22-9976-A804AC0CA819}.Release|x86.ActiveCfg = Release|x86
		{CCD6CA11-A092-4F22-9976-A804AC0CA819}.Release|x86.Build.0 = Release|x86
		{CCD6CA11-A092-4F22-9976-A804AC0CA819}.Release|x86.Deploy.0 = Release|x86
		{4C946033-B0F2-43FF-8644-7892E2A58C53}.AnyCPU|Any CPU.ActiveCfg = AnyCPU|Any CPU
		{4C946033-B0F2-43FF-8644-7892E2A58C53}.AnyCPU|Any CPU.Build.0 = AnyCPU|Any CPU
		{4C946033-B0F2-43FF-8644-7892E2A58C53}.AnyCPU|ARM.ActiveCfg = AnyCPU|Any CPU
		{4C946033-B0F2-43FF-8644-7892E2A58C53}.AnyCPU|ARM.Build.0 = AnyCPU|Any CPU
		{4C946033-B0F2-43FF-8644-7892E2A58C53}.AnyCPU|ARM64.ActiveCfg = AnyCPU|Any CPU
		{4C946033-B0F2-43FF-8644-7892E2A58C53}.AnyCPU|ARM64.Build.0 = AnyCPU|Any CPU
		{4C946033-B0F2-43FF-8644-7892E2A58C53}.AnyCPU|x64.ActiveCfg = AnyCPU|x64
		{4C946033-B0F2-43FF-8644-7892E2A58C53}.AnyCPU|x64.Build.0 = AnyCPU|x64
		{4C946033-B0F2-43FF-8644-7892E2A58C53}.AnyCPU|x86.ActiveCfg = AnyCPU|Win32
		{4C946033-B0F2-43FF-8644-7892E2A58C53}.AnyCPU|x86.Build.0 = AnyCPU|Win32
		{4C946033-B0F2-43FF-8644-7892E2A58C53}.Debug|Any CPU.ActiveCfg = Debug|Any CPU
		{4C946033-B0F2-43FF-8644-7892E2A58C53}.Debug|Any CPU.Build.0 = Debug|Any CPU
		{4C946033-B0F2-43FF-8644-7892E2A58C53}.Debug|ARM.ActiveCfg = Debug|ARM
		{4C946033-B0F2-43FF-8644-7892E2A58C53}.Debug|ARM.Build.0 = Debug|ARM
		{4C946033-B0F2-43FF-8644-7892E2A58C53}.Debug|ARM64.ActiveCfg = Debug|ARM64
		{4C946033-B0F2-43FF-8644-7892E2A58C53}.Debug|ARM64.Build.0 = Debug|ARM64
		{4C946033-B0F2-43FF-8644-7892E2A58C53}.Debug|x64.ActiveCfg = Debug|x64
		{4C946033-B0F2-43FF-8644-7892E2A58C53}.Debug|x64.Build.0 = Debug|x64
		{4C946033-B0F2-43FF-8644-7892E2A58C53}.Debug|x86.ActiveCfg = Debug|x86
		{4C946033-B0F2-43FF-8644-7892E2A58C53}.Debug|x86.Build.0 = Debug|x86
		{4C946033-B0F2-43FF-8644-7892E2A58C53}.Release|Any CPU.ActiveCfg = Release|Any CPU
		{4C946033-B0F2-43FF-8644-7892E2A58C53}.Release|Any CPU.Build.0 = Release|Any CPU
		{4C946033-B0F2-43FF-8644-7892E2A58C53}.Release|ARM.ActiveCfg = Release|ARM
		{4C946033-B0F2-43FF-8644-7892E2A58C53}.Release|ARM.Build.0 = Release|ARM
		{4C946033-B0F2-43FF-8644-7892E2A58C53}.Release|ARM64.ActiveCfg = Release|ARM64
		{4C946033-B0F2-43FF-8644-7892E2A58C53}.Release|ARM64.Build.0 = Release|ARM64
		{4C946033-B0F2-43FF-8644-7892E2A58C53}.Release|x64.ActiveCfg = Release|x64
		{4C946033-B0F2-43FF-8644-7892E2A58C53}.Release|x64.Build.0 = Release|x64
		{4C946033-B0F2-43FF-8644-7892E2A58C53}.Release|x86.ActiveCfg = Release|x86
		{4C946033-B0F2-43FF-8644-7892E2A58C53}.Release|x86.Build.0 = Release|x86
	EndGlobalSection
	GlobalSection(SolutionProperties) = preSolution
		HideSolutionNode = FALSE
	EndGlobalSection
	GlobalSection(NestedProjects) = preSolution
		{CCD6CA11-A092-4F22-9976-A804AC0CA819} = {8728D28F-762E-4993-A45C-D039C399F225}
		{4C946033-B0F2-43FF-8644-7892E2A58C53} = {8728D28F-762E-4993-A45C-D039C399F225}
		{E6CB98F8-7A29-4173-B1FC-068D719AF557} = {BCC31D25-B55E-47BC-A0A7-7A770534C962}
	EndGlobalSection
	GlobalSection(ExtensibilityGlobals) = postSolution
		SolutionGuid = {6A2AC82C-CEF8-45E5-9A55-DF750CD7CB83}
	EndGlobalSection
EndGlobal
