{
  "version": 1,
  "dependencies": {
    "net7.0": {
      "CommunityToolkit.Mvvm": {
        "type": "Direct",
        "requested": "[8.1.0, )",
        "resolved": "8.1.0",
        "contentHash": "xxOt7lu9a5kB5Fs9RfcxzVlKnhuuPe+w7AXHtmCFtS3oldrsUhEMxHfNulluXSscUUoGxZ0jh55Om12ZP6abHA=="
      }
    }
  }
}